
Microsoft Visual Studio Solution File, Format Version 12.00
# Visual Studio 15
VisualStudioVersion = 15.0.26228.4
MinimumVisualStudioVersion = 10.0.40219.1
Project("{FAE04EC0-301F-11D3-BF4B-00C04F79EFBC}") = "Phoneword.Android", "Phoneword\Phoneword.Android\Phoneword.Android.csproj", "{3895D014-0DF1-4314-A96D-328F2C1678AA}"
EndProject
Project("{FAE04EC0-301F-11D3-BF4B-00C04F79EFBC}") = "Phoneword", "Phoneword\Phoneword\Phoneword.csproj", "{914D0604-B747-41C7-9627-5E7C628ECEEA}"
EndProject
Project("{FAE04EC0-301F-11D3-BF4B-00C04F79EFBC}") = "Phoneword.iOS", "Phoneword\Phoneword.iOS\Phoneword.iOS.csproj", "{CCE7F940-8276-4952-B5AD-70C0C9D142CC}"
EndProject
Project("{F2A71F9B-5D33-465A-A702-920D77279786}") = "FSPhoneword", "FSPhoneword\FSPhoneword.fsproj", "{544597B7-FEA7-4C5B-A886-14BA94C93804}"
EndProject
Project("{F2A71F9B-5D33-465A-A702-920D77279786}") = "FSPhoneword.Android", "FSPhoneword.Android\FSPhoneword.Android.fsproj", "{E6A6ABB7-E3E8-496B-BFDC-4A435B6525DD}"
EndProject
Global
	GlobalSection(SolutionConfigurationPlatforms) = preSolution
		Ad-Hoc|Any CPU = Ad-Hoc|Any CPU
		Ad-Hoc|ARM = Ad-Hoc|ARM
		Ad-Hoc|iPhone = Ad-Hoc|iPhone
		Ad-Hoc|iPhoneSimulator = Ad-Hoc|iPhoneSimulator
		Ad-Hoc|x64 = Ad-Hoc|x64
		Ad-Hoc|x86 = Ad-Hoc|x86
		AppStore|Any CPU = AppStore|Any CPU
		AppStore|ARM = AppStore|ARM
		AppStore|iPhone = AppStore|iPhone
		AppStore|iPhoneSimulator = AppStore|iPhoneSimulator
		AppStore|x64 = AppStore|x64
		AppStore|x86 = AppStore|x86
		Debug|Any CPU = Debug|Any CPU
		Debug|ARM = Debug|ARM
		Debug|iPhone = Debug|iPhone
		Debug|iPhoneSimulator = Debug|iPhoneSimulator
		Debug|x64 = Debug|x64
		Debug|x86 = Debug|x86
		Release|Any CPU = Release|Any CPU
		Release|ARM = Release|ARM
		Release|iPhone = Release|iPhone
		Release|iPhoneSimulator = Release|iPhoneSimulator
		Release|x64 = Release|x64
		Release|x86 = Release|x86
	EndGlobalSection
	GlobalSection(ProjectConfigurationPlatforms) = postSolution
		{3895D014-0DF1-4314-A96D-328F2C1678AA}.Ad-Hoc|Any CPU.ActiveCfg = Release|Any CPU
		{3895D014-0DF1-4314-A96D-328F2C1678AA}.Ad-Hoc|Any CPU.Build.0 = Release|Any CPU
		{3895D014-0DF1-4314-A96D-328F2C1678AA}.Ad-Hoc|Any CPU.Deploy.0 = Release|Any CPU
		{3895D014-0DF1-4314-A96D-328F2C1678AA}.Ad-Hoc|ARM.ActiveCfg = Release|Any CPU
		{3895D014-0DF1-4314-A96D-328F2C1678AA}.Ad-Hoc|ARM.Build.0 = Release|Any CPU
		{3895D014-0DF1-4314-A96D-328F2C1678AA}.Ad-Hoc|ARM.Deploy.0 = Release|Any CPU
		{3895D014-0DF1-4314-A96D-328F2C1678AA}.Ad-Hoc|iPhone.ActiveCfg = Release|Any CPU
		{3895D014-0DF1-4314-A96D-328F2C1678AA}.Ad-Hoc|iPhone.Build.0 = Release|Any CPU
		{3895D014-0DF1-4314-A96D-328F2C1678AA}.Ad-Hoc|iPhone.Deploy.0 = Release|Any CPU
		{3895D014-0DF1-4314-A96D-328F2C1678AA}.Ad-Hoc|iPhoneSimulator.ActiveCfg = Release|Any CPU
		{3895D014-0DF1-4314-A96D-328F2C1678AA}.Ad-Hoc|iPhoneSimulator.Build.0 = Release|Any CPU
		{3895D014-0DF1-4314-A96D-328F2C1678AA}.Ad-Hoc|iPhoneSimulator.Deploy.0 = Release|Any CPU
		{3895D014-0DF1-4314-A96D-328F2C1678AA}.Ad-Hoc|x64.ActiveCfg = Release|Any CPU
		{3895D014-0DF1-4314-A96D-328F2C1678AA}.Ad-Hoc|x64.Build.0 = Release|Any CPU
		{3895D014-0DF1-4314-A96D-328F2C1678AA}.Ad-Hoc|x64.Deploy.0 = Release|Any CPU
		{3895D014-0DF1-4314-A96D-328F2C1678AA}.Ad-Hoc|x86.ActiveCfg = Release|Any CPU
		{3895D014-0DF1-4314-A96D-328F2C1678AA}.Ad-Hoc|x86.Build.0 = Release|Any CPU
		{3895D014-0DF1-4314-A96D-328F2C1678AA}.Ad-Hoc|x86.Deploy.0 = Release|Any CPU
		{3895D014-0DF1-4314-A96D-328F2C1678AA}.AppStore|Any CPU.ActiveCfg = Release|Any CPU
		{3895D014-0DF1-4314-A96D-328F2C1678AA}.AppStore|Any CPU.Build.0 = Release|Any CPU
		{3895D014-0DF1-4314-A96D-328F2C1678AA}.AppStore|Any CPU.Deploy.0 = Release|Any CPU
		{3895D014-0DF1-4314-A96D-328F2C1678AA}.AppStore|ARM.ActiveCfg = Release|Any CPU
		{3895D014-0DF1-4314-A96D-328F2C1678AA}.AppStore|ARM.Build.0 = Release|Any CPU
		{3895D014-0DF1-4314-A96D-328F2C1678AA}.AppStore|ARM.Deploy.0 = Release|Any CPU
		{3895D014-0DF1-4314-A96D-328F2C1678AA}.AppStore|iPhone.ActiveCfg = Release|Any CPU
		{3895D014-0DF1-4314-A96D-328F2C1678AA}.AppStore|iPhone.Build.0 = Release|Any CPU
		{3895D014-0DF1-4314-A96D-328F2C1678AA}.AppStore|iPhone.Deploy.0 = Release|Any CPU
		{3895D014-0DF1-4314-A96D-328F2C1678AA}.AppStore|iPhoneSimulator.ActiveCfg = Release|Any CPU
		{3895D014-0DF1-4314-A96D-328F2C1678AA}.AppStore|iPhoneSimulator.Build.0 = Release|Any CPU
		{3895D014-0DF1-4314-A96D-328F2C1678AA}.AppStore|iPhoneSimulator.Deploy.0 = Release|Any CPU
		{3895D014-0DF1-4314-A96D-328F2C1678AA}.AppStore|x64.ActiveCfg = Release|Any CPU
		{3895D014-0DF1-4314-A96D-328F2C1678AA}.AppStore|x64.Build.0 = Release|Any CPU
		{3895D014-0DF1-4314-A96D-328F2C1678AA}.AppStore|x64.Deploy.0 = Release|Any CPU
		{3895D014-0DF1-4314-A96D-328F2C1678AA}.AppStore|x86.ActiveCfg = Release|Any CPU
		{3895D014-0DF1-4314-A96D-328F2C1678AA}.AppStore|x86.Build.0 = Release|Any CPU
		{3895D014-0DF1-4314-A96D-328F2C1678AA}.AppStore|x86.Deploy.0 = Release|Any CPU
		{3895D014-0DF1-4314-A96D-328F2C1678AA}.Debug|Any CPU.ActiveCfg = Debug|Any CPU
		{3895D014-0DF1-4314-A96D-328F2C1678AA}.Debug|Any CPU.Build.0 = Debug|Any CPU
		{3895D014-0DF1-4314-A96D-328F2C1678AA}.Debug|Any CPU.Deploy.0 = Debug|Any CPU
		{3895D014-0DF1-4314-A96D-328F2C1678AA}.Debug|ARM.ActiveCfg = Debug|Any CPU
		{3895D014-0DF1-4314-A96D-328F2C1678AA}.Debug|ARM.Build.0 = Debug|Any CPU
		{3895D014-0DF1-4314-A96D-328F2C1678AA}.Debug|ARM.Deploy.0 = Debug|Any CPU
		{3895D014-0DF1-4314-A96D-328F2C1678AA}.Debug|iPhone.ActiveCfg = Debug|Any CPU
		{3895D014-0DF1-4314-A96D-328F2C1678AA}.Debug|iPhone.Build.0 = Debug|Any CPU
		{3895D014-0DF1-4314-A96D-328F2C1678AA}.Debug|iPhone.Deploy.0 = Debug|Any CPU
		{3895D014-0DF1-4314-A96D-328F2C1678AA}.Debug|iPhoneSimulator.ActiveCfg = Debug|Any CPU
		{3895D014-0DF1-4314-A96D-328F2C1678AA}.Debug|iPhoneSimulator.Build.0 = Debug|Any CPU
		{3895D014-0DF1-4314-A96D-328F2C1678AA}.Debug|iPhoneSimulator.Deploy.0 = Debug|Any CPU
		{3895D014-0DF1-4314-A96D-328F2C1678AA}.Debug|x64.ActiveCfg = Debug|Any CPU
		{3895D014-0DF1-4314-A96D-328F2C1678AA}.Debug|x64.Build.0 = Debug|Any CPU
		{3895D014-0DF1-4314-A96D-328F2C1678AA}.Debug|x64.Deploy.0 = Debug|Any CPU
		{3895D014-0DF1-4314-A96D-328F2C1678AA}.Debug|x86.ActiveCfg = Debug|Any CPU
		{3895D014-0DF1-4314-A96D-328F2C1678AA}.Debug|x86.Build.0 = Debug|Any CPU
		{3895D014-0DF1-4314-A96D-328F2C1678AA}.Debug|x86.Deploy.0 = Debug|Any CPU
		{3895D014-0DF1-4314-A96D-328F2C1678AA}.Release|Any CPU.ActiveCfg = Release|Any CPU
		{3895D014-0DF1-4314-A96D-328F2C1678AA}.Release|Any CPU.Build.0 = Release|Any CPU
		{3895D014-0DF1-4314-A96D-328F2C1678AA}.Release|Any CPU.Deploy.0 = Release|Any CPU
		{3895D014-0DF1-4314-A96D-328F2C1678AA}.Release|ARM.ActiveCfg = Release|Any CPU
		{3895D014-0DF1-4314-A96D-328F2C1678AA}.Release|ARM.Build.0 = Release|Any CPU
		{3895D014-0DF1-4314-A96D-328F2C1678AA}.Release|ARM.Deploy.0 = Release|Any CPU
		{3895D014-0DF1-4314-A96D-328F2C1678AA}.Release|iPhone.ActiveCfg = Release|Any CPU
		{3895D014-0DF1-4314-A96D-328F2C1678AA}.Release|iPhone.Build.0 = Release|Any CPU
		{3895D014-0DF1-4314-A96D-328F2C1678AA}.Release|iPhone.Deploy.0 = Release|Any CPU
		{3895D014-0DF1-4314-A96D-328F2C1678AA}.Release|iPhoneSimulator.ActiveCfg = Release|Any CPU
		{3895D014-0DF1-4314-A96D-328F2C1678AA}.Release|iPhoneSimulator.Build.0 = Release|Any CPU
		{3895D014-0DF1-4314-A96D-328F2C1678AA}.Release|iPhoneSimulator.Deploy.0 = Release|Any CPU
		{3895D014-0DF1-4314-A96D-328F2C1678AA}.Release|x64.ActiveCfg = Release|Any CPU
		{3895D014-0DF1-4314-A96D-328F2C1678AA}.Release|x64.Build.0 = Release|Any CPU
		{3895D014-0DF1-4314-A96D-328F2C1678AA}.Release|x64.Deploy.0 = Release|Any CPU
		{3895D014-0DF1-4314-A96D-328F2C1678AA}.Release|x86.ActiveCfg = Release|Any CPU
		{3895D014-0DF1-4314-A96D-328F2C1678AA}.Release|x86.Build.0 = Release|Any CPU
		{3895D014-0DF1-4314-A96D-328F2C1678AA}.Release|x86.Deploy.0 = Release|Any CPU
		{914D0604-B747-41C7-9627-5E7C628ECEEA}.Ad-Hoc|Any CPU.ActiveCfg = Release|Any CPU
		{914D0604-B747-41C7-9627-5E7C628ECEEA}.Ad-Hoc|Any CPU.Build.0 = Release|Any CPU
		{914D0604-B747-41C7-9627-5E7C628ECEEA}.Ad-Hoc|ARM.ActiveCfg = Release|Any CPU
		{914D0604-B747-41C7-9627-5E7C628ECEEA}.Ad-Hoc|ARM.Build.0 = Release|Any CPU
		{914D0604-B747-41C7-9627-5E7C628ECEEA}.Ad-Hoc|iPhone.ActiveCfg = Release|Any CPU
		{914D0604-B747-41C7-9627-5E7C628ECEEA}.Ad-Hoc|iPhone.Build.0 = Release|Any CPU
		{914D0604-B747-41C7-9627-5E7C628ECEEA}.Ad-Hoc|iPhoneSimulator.ActiveCfg = Release|Any CPU
		{914D0604-B747-41C7-9627-5E7C628ECEEA}.Ad-Hoc|iPhoneSimulator.Build.0 = Release|Any CPU
		{914D0604-B747-41C7-9627-5E7C628ECEEA}.Ad-Hoc|x64.ActiveCfg = Release|Any CPU
		{914D0604-B747-41C7-9627-5E7C628ECEEA}.Ad-Hoc|x64.Build.0 = Release|Any CPU
		{914D0604-B747-41C7-9627-5E7C628ECEEA}.Ad-Hoc|x86.ActiveCfg = Release|Any CPU
		{914D0604-B747-41C7-9627-5E7C628ECEEA}.Ad-Hoc|x86.Build.0 = Release|Any CPU
		{914D0604-B747-41C7-9627-5E7C628ECEEA}.AppStore|Any CPU.ActiveCfg = Release|Any CPU
		{914D0604-B747-41C7-9627-5E7C628ECEEA}.AppStore|Any CPU.Build.0 = Release|Any CPU
		{914D0604-B747-41C7-9627-5E7C628ECEEA}.AppStore|ARM.ActiveCfg = Release|Any CPU
		{914D0604-B747-41C7-9627-5E7C628ECEEA}.AppStore|ARM.Build.0 = Release|Any CPU
		{914D0604-B747-41C7-9627-5E7C628ECEEA}.AppStore|iPhone.ActiveCfg = Release|Any CPU
		{914D0604-B747-41C7-9627-5E7C628ECEEA}.AppStore|iPhone.Build.0 = Release|Any CPU
		{914D0604-B747-41C7-9627-5E7C628ECEEA}.AppStore|iPhoneSimulator.ActiveCfg = Release|Any CPU
		{914D0604-B747-41C7-9627-5E7C628ECEEA}.AppStore|iPhoneSimulator.Build.0 = Release|Any CPU
		{914D0604-B747-41C7-9627-5E7C628ECEEA}.AppStore|x64.ActiveCfg = Release|Any CPU
		{914D0604-B747-41C7-9627-5E7C628ECEEA}.AppStore|x64.Build.0 = Release|Any CPU
		{914D0604-B747-41C7-9627-5E7C628ECEEA}.AppStore|x86.ActiveCfg = Release|Any CPU
		{914D0604-B747-41C7-9627-5E7C628ECEEA}.AppStore|x86.Build.0 = Release|Any CPU
		{914D0604-B747-41C7-9627-5E7C628ECEEA}.Debug|Any CPU.ActiveCfg = Debug|Any CPU
		{914D0604-B747-41C7-9627-5E7C628ECEEA}.Debug|Any CPU.Build.0 = Debug|Any CPU
		{914D0604-B747-41C7-9627-5E7C628ECEEA}.Debug|ARM.ActiveCfg = Debug|Any CPU
		{914D0604-B747-41C7-9627-5E7C628ECEEA}.Debug|ARM.Build.0 = Debug|Any CPU
		{914D0604-B747-41C7-9627-5E7C628ECEEA}.Debug|iPhone.ActiveCfg = Debug|Any CPU
		{914D0604-B747-41C7-9627-5E7C628ECEEA}.Debug|iPhone.Build.0 = Debug|Any CPU
		{914D0604-B747-41C7-9627-5E7C628ECEEA}.Debug|iPhoneSimulator.ActiveCfg = Debug|Any CPU
		{914D0604-B747-41C7-9627-5E7C628ECEEA}.Debug|iPhoneSimulator.Build.0 = Debug|Any CPU
		{914D0604-B747-41C7-9627-5E7C628ECEEA}.Debug|x64.ActiveCfg = Debug|Any CPU
		{914D0604-B747-41C7-9627-5E7C628ECEEA}.Debug|x64.Build.0 = Debug|Any CPU
		{914D0604-B747-41C7-9627-5E7C628ECEEA}.Debug|x86.ActiveCfg = Debug|Any CPU
		{914D0604-B747-41C7-9627-5E7C628ECEEA}.Debug|x86.Build.0 = Debug|Any CPU
		{914D0604-B747-41C7-9627-5E7C628ECEEA}.Release|Any CPU.ActiveCfg = Release|Any CPU
		{914D0604-B747-41C7-9627-5E7C628ECEEA}.Release|Any CPU.Build.0 = Release|Any CPU
		{914D0604-B747-41C7-9627-5E7C628ECEEA}.Release|ARM.ActiveCfg = Release|Any CPU
		{914D0604-B747-41C7-9627-5E7C628ECEEA}.Release|ARM.Build.0 = Release|Any CPU
		{914D0604-B747-41C7-9627-5E7C628ECEEA}.Release|iPhone.ActiveCfg = Release|Any CPU
		{914D0604-B747-41C7-9627-5E7C628ECEEA}.Release|iPhone.Build.0 = Release|Any CPU
		{914D0604-B747-41C7-9627-5E7C628ECEEA}.Release|iPhoneSimulator.ActiveCfg = Release|Any CPU
		{914D0604-B747-41C7-9627-5E7C628ECEEA}.Release|iPhoneSimulator.Build.0 = Release|Any CPU
		{914D0604-B747-41C7-9627-5E7C628ECEEA}.Release|x64.ActiveCfg = Release|Any CPU
		{914D0604-B747-41C7-9627-5E7C628ECEEA}.Release|x64.Build.0 = Release|Any CPU
		{914D0604-B747-41C7-9627-5E7C628ECEEA}.Release|x86.ActiveCfg = Release|Any CPU
		{914D0604-B747-41C7-9627-5E7C628ECEEA}.Release|x86.Build.0 = Release|Any CPU
		{CCE7F940-8276-4952-B5AD-70C0C9D142CC}.Ad-Hoc|Any CPU.ActiveCfg = Ad-Hoc|iPhone
		{CCE7F940-8276-4952-B5AD-70C0C9D142CC}.Ad-Hoc|ARM.ActiveCfg = Ad-Hoc|iPhone
		{CCE7F940-8276-4952-B5AD-70C0C9D142CC}.Ad-Hoc|iPhone.ActiveCfg = Ad-Hoc|iPhone
		{CCE7F940-8276-4952-B5AD-70C0C9D142CC}.Ad-Hoc|iPhone.Build.0 = Ad-Hoc|iPhone
		{CCE7F940-8276-4952-B5AD-70C0C9D142CC}.Ad-Hoc|iPhoneSimulator.ActiveCfg = Ad-Hoc|iPhoneSimulator
		{CCE7F940-8276-4952-B5AD-70C0C9D142CC}.Ad-Hoc|iPhoneSimulator.Build.0 = Ad-Hoc|iPhoneSimulator
		{CCE7F940-8276-4952-B5AD-70C0C9D142CC}.Ad-Hoc|x64.ActiveCfg = Ad-Hoc|iPhone
		{CCE7F940-8276-4952-B5AD-70C0C9D142CC}.Ad-Hoc|x86.ActiveCfg = Ad-Hoc|iPhone
		{CCE7F940-8276-4952-B5AD-70C0C9D142CC}.AppStore|Any CPU.ActiveCfg = AppStore|iPhone
		{CCE7F940-8276-4952-B5AD-70C0C9D142CC}.AppStore|ARM.ActiveCfg = AppStore|iPhone
		{CCE7F940-8276-4952-B5AD-70C0C9D142CC}.AppStore|iPhone.ActiveCfg = AppStore|iPhone
		{CCE7F940-8276-4952-B5AD-70C0C9D142CC}.AppStore|iPhone.Build.0 = AppStore|iPhone
		{CCE7F940-8276-4952-B5AD-70C0C9D142CC}.AppStore|iPhoneSimulator.ActiveCfg = AppStore|iPhoneSimulator
		{CCE7F940-8276-4952-B5AD-70C0C9D142CC}.AppStore|iPhoneSimulator.Build.0 = AppStore|iPhoneSimulator
		{CCE7F940-8276-4952-B5AD-70C0C9D142CC}.AppStore|x64.ActiveCfg = AppStore|iPhone
		{CCE7F940-8276-4952-B5AD-70C0C9D142CC}.AppStore|x86.ActiveCfg = AppStore|iPhone
		{CCE7F940-8276-4952-B5AD-70C0C9D142CC}.Debug|Any CPU.ActiveCfg = Debug|iPhone
		{CCE7F940-8276-4952-B5AD-70C0C9D142CC}.Debug|ARM.ActiveCfg = Debug|iPhone
		{CCE7F940-8276-4952-B5AD-70C0C9D142CC}.Debug|iPhone.ActiveCfg = Debug|iPhone
		{CCE7F940-8276-4952-B5AD-70C0C9D142CC}.Debug|iPhone.Build.0 = Debug|iPhone
		{CCE7F940-8276-4952-B5AD-70C0C9D142CC}.Debug|iPhoneSimulator.ActiveCfg = Debug|iPhoneSimulator
		{CCE7F940-8276-4952-B5AD-70C0C9D142CC}.Debug|iPhoneSimulator.Build.0 = Debug|iPhoneSimulator
		{CCE7F940-8276-4952-B5AD-70C0C9D142CC}.Debug|x64.ActiveCfg = Debug|iPhone
		{CCE7F940-8276-4952-B5AD-70C0C9D142CC}.Debug|x86.ActiveCfg = Debug|iPhone
		{CCE7F940-8276-4952-B5AD-70C0C9D142CC}.Release|Any CPU.ActiveCfg = Release|iPhone
		{CCE7F940-8276-4952-B5AD-70C0C9D142CC}.Release|ARM.ActiveCfg = Release|iPhone
		{CCE7F940-8276-4952-B5AD-70C0C9D142CC}.Release|iPhone.ActiveCfg = Release|iPhone
		{CCE7F940-8276-4952-B5AD-70C0C9D142CC}.Release|iPhone.Build.0 = Release|iPhone
		{CCE7F940-8276-4952-B5AD-70C0C9D142CC}.Release|iPhoneSimulator.ActiveCfg = Release|iPhoneSimulator
		{CCE7F940-8276-4952-B5AD-70C0C9D142CC}.Release|iPhoneSimulator.Build.0 = Release|iPhoneSimulator
		{CCE7F940-8276-4952-B5AD-70C0C9D142CC}.Release|x64.ActiveCfg = Release|iPhone
		{CCE7F940-8276-4952-B5AD-70C0C9D142CC}.Release|x86.ActiveCfg = Release|iPhone
		{544597B7-FEA7-4C5B-A886-14BA94C93804}.Ad-Hoc|Any CPU.ActiveCfg = Release|Any CPU
		{544597B7-FEA7-4C5B-A886-14BA94C93804}.Ad-Hoc|Any CPU.Build.0 = Release|Any CPU
		{544597B7-FEA7-4C5B-A886-14BA94C93804}.Ad-Hoc|ARM.ActiveCfg = Release|Any CPU
		{544597B7-FEA7-4C5B-A886-14BA94C93804}.Ad-Hoc|ARM.Build.0 = Release|Any CPU
		{544597B7-FEA7-4C5B-A886-14BA94C93804}.Ad-Hoc|iPhone.ActiveCfg = Release|Any CPU
		{544597B7-FEA7-4C5B-A886-14BA94C93804}.Ad-Hoc|iPhone.Build.0 = Release|Any CPU
		{544597B7-FEA7-4C5B-A886-14BA94C93804}.Ad-Hoc|iPhoneSimulator.ActiveCfg = Release|Any CPU
		{544597B7-FEA7-4C5B-A886-14BA94C93804}.Ad-Hoc|iPhoneSimulator.Build.0 = Release|Any CPU
		{544597B7-FEA7-4C5B-A886-14BA94C93804}.Ad-Hoc|x64.ActiveCfg = Release|Any CPU
		{544597B7-FEA7-4C5B-A886-14BA94C93804}.Ad-Hoc|x64.Build.0 = Release|Any CPU
		{544597B7-FEA7-4C5B-A886-14BA94C93804}.Ad-Hoc|x86.ActiveCfg = Release|Any CPU
		{544597B7-FEA7-4C5B-A886-14BA94C93804}.Ad-Hoc|x86.Build.0 = Release|Any CPU
		{544597B7-FEA7-4C5B-A886-14BA94C93804}.AppStore|Any CPU.ActiveCfg = Release|Any CPU
		{544597B7-FEA7-4C5B-A886-14BA94C93804}.AppStore|Any CPU.Build.0 = Release|Any CPU
		{544597B7-FEA7-4C5B-A886-14BA94C93804}.AppStore|ARM.ActiveCfg = Release|Any CPU
		{544597B7-FEA7-4C5B-A886-14BA94C93804}.AppStore|ARM.Build.0 = Release|Any CPU
		{544597B7-FEA7-4C5B-A886-14BA94C93804}.AppStore|iPhone.ActiveCfg = Release|Any CPU
		{544597B7-FEA7-4C5B-A886-14BA94C93804}.AppStore|iPhone.Build.0 = Release|Any CPU
		{544597B7-FEA7-4C5B-A886-14BA94C93804}.AppStore|iPhoneSimulator.ActiveCfg = Release|Any CPU
		{544597B7-FEA7-4C5B-A886-14BA94C93804}.AppStore|iPhoneSimulator.Build.0 = Release|Any CPU
		{544597B7-FEA7-4C5B-A886-14BA94C93804}.AppStore|x64.ActiveCfg = Release|Any CPU
		{544597B7-FEA7-4C5B-A886-14BA94C93804}.AppStore|x64.Build.0 = Release|Any CPU
		{544597B7-FEA7-4C5B-A886-14BA94C93804}.AppStore|x86.ActiveCfg = Release|Any CPU
		{544597B7-FEA7-4C5B-A886-14BA94C93804}.AppStore|x86.Build.0 = Release|Any CPU
		{544597B7-FEA7-4C5B-A886-14BA94C93804}.Debug|Any CPU.ActiveCfg = Debug|Any CPU
		{544597B7-FEA7-4C5B-A886-14BA94C93804}.Debug|Any CPU.Build.0 = Debug|Any CPU
		{544597B7-FEA7-4C5B-A886-14BA94C93804}.Debug|ARM.ActiveCfg = Debug|Any CPU
		{544597B7-FEA7-4C5B-A886-14BA94C93804}.Debug|ARM.Build.0 = Debug|Any CPU
		{544597B7-FEA7-4C5B-A886-14BA94C93804}.Debug|iPhone.ActiveCfg = Debug|Any CPU
		{544597B7-FEA7-4C5B-A886-14BA94C93804}.Debug|iPhone.Build.0 = Debug|Any CPU
		{544597B7-FEA7-4C5B-A886-14BA94C93804}.Debug|iPhoneSimulator.ActiveCfg = Debug|Any CPU
		{544597B7-FEA7-4C5B-A886-14BA94C93804}.Debug|iPhoneSimulator.Build.0 = Debug|Any CPU
		{544597B7-FEA7-4C5B-A886-14BA94C93804}.Debug|x64.ActiveCfg = Debug|Any CPU
		{544597B7-FEA7-4C5B-A886-14BA94C93804}.Debug|x64.Build.0 = Debug|Any CPU
		{544597B7-FEA7-4C5B-A886-14BA94C93804}.Debug|x86.ActiveCfg = Debug|Any CPU
		{544597B7-FEA7-4C5B-A886-14BA94C93804}.Debug|x86.Build.0 = Debug|Any CPU
		{544597B7-FEA7-4C5B-A886-14BA94C93804}.Release|Any CPU.ActiveCfg = Release|Any CPU
		{544597B7-FEA7-4C5B-A886-14BA94C93804}.Release|Any CPU.Build.0 = Release|Any CPU
		{544597B7-FEA7-4C5B-A886-14BA94C93804}.Release|ARM.ActiveCfg = Release|Any CPU
		{544597B7-FEA7-4C5B-A886-14BA94C93804}.Release|ARM.Build.0 = Release|Any CPU
		{544597B7-FEA7-4C5B-A886-14BA94C93804}.Release|iPhone.ActiveCfg = Release|Any CPU
		{544597B7-FEA7-4C5B-A886-14BA94C93804}.Release|iPhone.Build.0 = Release|Any CPU
		{544597B7-FEA7-4C5B-A886-14BA94C93804}.Release|iPhoneSimulator.ActiveCfg = Release|Any CPU
		{544597B7-FEA7-4C5B-A886-14BA94C93804}.Release|iPhoneSimulator.Build.0 = Release|Any CPU
		{544597B7-FEA7-4C5B-A886-14BA94C93804}.Release|x64.ActiveCfg = Release|Any CPU
		{544597B7-FEA7-4C5B-A886-14BA94C93804}.Release|x64.Build.0 = Release|Any CPU
		{544597B7-FEA7-4C5B-A886-14BA94C93804}.Release|x86.ActiveCfg = Release|Any CPU
		{544597B7-FEA7-4C5B-A886-14BA94C93804}.Release|x86.Build.0 = Release|Any CPU
		{E6A6ABB7-E3E8-496B-BFDC-4A435B6525DD}.Ad-Hoc|Any CPU.ActiveCfg = Release|Any CPU
		{E6A6ABB7-E3E8-496B-BFDC-4A435B6525DD}.Ad-Hoc|Any CPU.Build.0 = Release|Any CPU
		{E6A6ABB7-E3E8-496B-BFDC-4A435B6525DD}.Ad-Hoc|ARM.ActiveCfg = Release|Any CPU
		{E6A6ABB7-E3E8-496B-BFDC-4A435B6525DD}.Ad-Hoc|ARM.Build.0 = Release|Any CPU
		{E6A6ABB7-E3E8-496B-BFDC-4A435B6525DD}.Ad-Hoc|iPhone.ActiveCfg = Release|Any CPU
		{E6A6ABB7-E3E8-496B-BFDC-4A435B6525DD}.Ad-Hoc|iPhone.Build.0 = Release|Any CPU
		{E6A6ABB7-E3E8-496B-BFDC-4A435B6525DD}.Ad-Hoc|iPhoneSimulator.ActiveCfg = Release|Any CPU
		{E6A6ABB7-E3E8-496B-BFDC-4A435B6525DD}.Ad-Hoc|iPhoneSimulator.Build.0 = Release|Any CPU
		{E6A6ABB7-E3E8-496B-BFDC-4A435B6525DD}.Ad-Hoc|x64.ActiveCfg = Release|Any CPU
		{E6A6ABB7-E3E8-496B-BFDC-4A435B6525DD}.Ad-Hoc|x64.Build.0 = Release|Any CPU
		{E6A6ABB7-E3E8-496B-BFDC-4A435B6525DD}.Ad-Hoc|x86.ActiveCfg = Release|Any CPU
		{E6A6ABB7-E3E8-496B-BFDC-4A435B6525DD}.Ad-Hoc|x86.Build.0 = Release|Any CPU
		{E6A6ABB7-E3E8-496B-BFDC-4A435B6525DD}.AppStore|Any CPU.ActiveCfg = Release|Any CPU
		{E6A6ABB7-E3E8-496B-BFDC-4A435B6525DD}.AppStore|Any CPU.Build.0 = Release|Any CPU
		{E6A6ABB7-E3E8-496B-BFDC-4A435B6525DD}.AppStore|ARM.ActiveCfg = Release|Any CPU
		{E6A6ABB7-E3E8-496B-BFDC-4A435B6525DD}.AppStore|ARM.Build.0 = Release|Any CPU
		{E6A6ABB7-E3E8-496B-BFDC-4A435B6525DD}.AppStore|iPhone.ActiveCfg = Release|Any CPU
		{E6A6ABB7-E3E8-496B-BFDC-4A435B6525DD}.AppStore|iPhone.Build.0 = Release|Any CPU
		{E6A6ABB7-E3E8-496B-BFDC-4A435B6525DD}.AppStore|iPhoneSimulator.ActiveCfg = Release|Any CPU
		{E6A6ABB7-E3E8-496B-BFDC-4A435B6525DD}.AppStore|iPhoneSimulator.Build.0 = Release|Any CPU
		{E6A6ABB7-E3E8-496B-BFDC-4A435B6525DD}.AppStore|x64.ActiveCfg = Release|Any CPU
		{E6A6ABB7-E3E8-496B-BFDC-4A435B6525DD}.AppStore|x64.Build.0 = Release|Any CPU
		{E6A6ABB7-E3E8-496B-BFDC-4A435B6525DD}.AppStore|x86.ActiveCfg = Release|Any CPU
		{E6A6ABB7-E3E8-496B-BFDC-4A435B6525DD}.AppStore|x86.Build.0 = Release|Any CPU
		{E6A6ABB7-E3E8-496B-BFDC-4A435B6525DD}.Debug|Any CPU.ActiveCfg = Debug|Any CPU
		{E6A6ABB7-E3E8-496B-BFDC-4A435B6525DD}.Debug|Any CPU.Build.0 = Debug|Any CPU
		{E6A6ABB7-E3E8-496B-BFDC-4A435B6525DD}.Debug|ARM.ActiveCfg = Debug|Any CPU
		{E6A6ABB7-E3E8-496B-BFDC-4A435B6525DD}.Debug|ARM.Build.0 = Debug|Any CPU
		{E6A6ABB7-E3E8-496B-BFDC-4A435B6525DD}.Debug|iPhone.ActiveCfg = Debug|Any CPU
		{E6A6ABB7-E3E8-496B-BFDC-4A435B6525DD}.Debug|iPhone.Build.0 = Debug|Any CPU
		{E6A6ABB7-E3E8-496B-BFDC-4A435B6525DD}.Debug|iPhoneSimulator.ActiveCfg = Debug|Any CPU
		{E6A6ABB7-E3E8-496B-BFDC-4A435B6525DD}.Debug|iPhoneSimulator.Build.0 = Debug|Any CPU
		{E6A6ABB7-E3E8-496B-BFDC-4A435B6525DD}.Debug|x64.ActiveCfg = Debug|Any CPU
		{E6A6ABB7-E3E8-496B-BFDC-4A435B6525DD}.Debug|x64.Build.0 = Debug|Any CPU
		{E6A6ABB7-E3E8-496B-BFDC-4A435B6525DD}.Debug|x86.ActiveCfg = Debug|Any CPU
		{E6A6ABB7-E3E8-496B-BFDC-4A435B6525DD}.Debug|x86.Build.0 = Debug|Any CPU
		{E6A6ABB7-E3E8-496B-BFDC-4A435B6525DD}.Release|Any CPU.ActiveCfg = Release|Any CPU
		{E6A6ABB7-E3E8-496B-BFDC-4A435B6525DD}.Release|Any CPU.Build.0 = Release|Any CPU
		{E6A6ABB7-E3E8-496B-BFDC-4A435B6525DD}.Release|ARM.ActiveCfg = Release|Any CPU
		{E6A6ABB7-E3E8-496B-BFDC-4A435B6525DD}.Release|ARM.Build.0 = Release|Any CPU
		{E6A6ABB7-E3E8-496B-BFDC-4A435B6525DD}.Release|iPhone.ActiveCfg = Release|Any CPU
		{E6A6ABB7-E3E8-496B-BFDC-4A435B6525DD}.Release|iPhone.Build.0 = Release|Any CPU
		{E6A6ABB7-E3E8-496B-BFDC-4A435B6525DD}.Release|iPhoneSimulator.ActiveCfg = Release|Any CPU
		{E6A6ABB7-E3E8-496B-BFDC-4A435B6525DD}.Release|iPhoneSimulator.Build.0 = Release|Any CPU
		{E6A6ABB7-E3E8-496B-BFDC-4A435B6525DD}.Release|x64.ActiveCfg = Release|Any CPU
		{E6A6ABB7-E3E8-496B-BFDC-4A435B6525DD}.Release|x64.Build.0 = Release|Any CPU
		{E6A6ABB7-E3E8-496B-BFDC-4A435B6525DD}.Release|x86.ActiveCfg = Release|Any CPU
		{E6A6ABB7-E3E8-496B-BFDC-4A435B6525DD}.Release|x86.Build.0 = Release|Any CPU
	EndGlobalSection
	GlobalSection(SolutionProperties) = preSolution
		HideSolutionNode = FALSE
	EndGlobalSection
EndGlobal
